
Microsoft Visual Studio Solution File, Format Version 12.00
# Visual Studio Version 16
VisualStudioVersion = 16.0.32106.194
MinimumVisualStudioVersion = 10.0.40219.1
Project("{8BC9CEB8-8B4A-11D0-8D11-00A0C91BC942}") = "Super-Projekt", "Super-Projekt.vcxproj", "{F873251E-A021-4C29-9089-531DF34E930A}"
EndProject
Global
	GlobalSection(SolutionConfigurationPlatforms) = preSolution
		Debug|x64 = Debug|x64
		Debug|x86 = Debug|x86
		Release|x64 = Release|x64
		Release|x86 = Release|x86
	EndGlobalSection
	GlobalSection(ProjectConfigurationPlatforms) = postSolution
		{F873251E-A021-4C29-9089-531DF34E930A}.Debug|x64.ActiveCfg = Debug|x64
		{F873251E-A021-4C29-9089-531DF34E930A}.Debug|x64.Build.0 = Debug|x64
		{F873251E-A021-4C29-9089-531DF34E930A}.Debug|x86.ActiveCfg = Debug|Win32
		{F873251E-A021-4C29-9089-531DF34E930A}.Debug|x86.Build.0 = Debug|Win32
		{F873251E-A021-4C29-9089-531DF34E930A}.Release|x64.ActiveCfg = Release|x64
		{F873251E-A021-4C29-9089-531DF34E930A}.Release|x64.Build.0 = Release|x64
		{F873251E-A021-4C29-9089-531DF34E930A}.Release|x86.ActiveCfg = Release|Win32
		{F873251E-A021-4C29-9089-531DF34E930A}.Release|x86.Build.0 = Release|Win32
	EndGlobalSection
	GlobalSection(SolutionProperties) = preSolution
		HideSolutionNode = FALSE
	EndGlobalSection
	GlobalSection(ExtensibilityGlobals) = postSolution
		SolutionGuid = {7C01DC1D-B77B-4ECB-9114-692E1D57D030}
	EndGlobalSection
EndGlobal
